{
    "name": "vue_21",
    "version": "0.1.0",
    "lockfileVersion": 1,
    "requires": true,
    "dependencies": {
        "dzh-qrcode": {
            "version": "1.0.4",
            "resolved": "https://registry.npmjs.org/dzh-qrcode/-/dzh-qrcode-1.0.4.tgz",
            "integrity": "sha512-2maM5ISmbv+W9/EmEgdeHgFgrqjtnvEXRMkWQAjGNIxils6ptYRQjLPb1QuZqsixdyRIKGKYvGzynwZkHKbRYQ=="
        }
    }
}
